
Microsoft Visual Studio Solution File, Format Version 12.00
# Visual Studio Version 17
VisualStudioVersion = 17.3.32825.248
MinimumVisualStudioVersion = 10.0.40219.1
Project("{9A19103F-16F7-4668-BE54-9A1E7A4F7556}") = "Library", "Library\Library.csproj", "{82C3058B-D709-4069-B81D-8DEB5744EF80}"
EndProject
Project("{9A19103F-16F7-4668-BE54-9A1E7A4F7556}") = "Test", "Test\Test.csproj", "{7F661365-C03F-41CE-9778-20D66AA0639B}"
EndProject
Project("{9A19103F-16F7-4668-BE54-9A1E7A4F7556}") = "Application", "Application\Application.csproj", "{2FEE30CC-A9B5-4535-AB4E-40C6C2341F61}"
	ProjectSection(ProjectDependencies) = postProject
		{82C3058B-D709-4069-B81D-8DEB5744EF80} = {82C3058B-D709-4069-B81D-8DEB5744EF80}
	EndProjectSection
EndProject
Global
	GlobalSection(SolutionConfigurationPlatforms) = preSolution
		Debug|Any CPU = Debug|Any CPU
		Release|Any CPU = Release|Any CPU
	EndGlobalSection
	GlobalSection(ProjectConfigurationPlatforms) = postSolution
		{82C3058B-D709-4069-B81D-8DEB5744EF80}.Debug|Any CPU.ActiveCfg = Debug|Any CPU
		{82C3058B-D709-4069-B81D-8DEB5744EF80}.Debug|Any CPU.Build.0 = Debug|Any CPU
		{82C3058B-D709-4069-B81D-8DEB5744EF80}.Release|Any CPU.ActiveCfg = Release|Any CPU
		{82C3058B-D709-4069-B81D-8DEB5744EF80}.Release|Any CPU.Build.0 = Release|Any CPU
		{7F661365-C03F-41CE-9778-20D66AA0639B}.Debug|Any CPU.ActiveCfg = Debug|Any CPU
		{7F661365-C03F-41CE-9778-20D66AA0639B}.Debug|Any CPU.Build.0 = Debug|Any CPU
		{7F661365-C03F-41CE-9778-20D66AA0639B}.Release|Any CPU.ActiveCfg = Release|Any CPU
		{7F661365-C03F-41CE-9778-20D66AA0639B}.Release|Any CPU.Build.0 = Release|Any CPU
		{2FEE30CC-A9B5-4535-AB4E-40C6C2341F61}.Debug|Any CPU.ActiveCfg = Debug|Any CPU
		{2FEE30CC-A9B5-4535-AB4E-40C6C2341F61}.Debug|Any CPU.Build.0 = Debug|Any CPU
		{2FEE30CC-A9B5-4535-AB4E-40C6C2341F61}.Release|Any CPU.ActiveCfg = Release|Any CPU
		{2FEE30CC-A9B5-4535-AB4E-40C6C2341F61}.Release|Any CPU.Build.0 = Release|Any CPU
	EndGlobalSection
	GlobalSection(SolutionProperties) = preSolution
		HideSolutionNode = FALSE
	EndGlobalSection
	GlobalSection(ExtensibilityGlobals) = postSolution
		SolutionGuid = {05EED907-4458-44FD-AD78-25400DC5D9BE}
	EndGlobalSection
EndGlobal
